// !$*UTF8*$!
{
	archiveVersion = 1;
	classes = {
	};
	objectVersion = 56;
	objects = {

/* Begin PBXBuildFile section */
		C0044DF029A5DF8D002445AB /* DBMessage+CoreDataClass.swift in Sources */ = {isa = PBXBuildFile; fileRef = C0044DEE29A5DF8D002445AB /* DBMessage+CoreDataClass.swift */; };
		C0044DF129A5DF8D002445AB /* DBMessage+CoreDataProperties.swift in Sources */ = {isa = PBXBuildFile; fileRef = C0044DEF29A5DF8D002445AB /* DBMessage+CoreDataProperties.swift */; };
		C0DD82B929A5242C000117B3 /* AppDelegate.swift in Sources */ = {isa = PBXBuildFile; fileRef = C0DD82B829A5242C000117B3 /* AppDelegate.swift */; };
		C0DD82C229A5242D000117B3 /* Assets.xcassets in Resources */ = {isa = PBXBuildFile; fileRef = C0DD82C129A5242D000117B3 /* Assets.xcassets */; };
		C0DD82C529A5242D000117B3 /* LaunchScreen.storyboard in Resources */ = {isa = PBXBuildFile; fileRef = C0DD82C329A5242D000117B3 /* LaunchScreen.storyboard */; };
		C0DD831829A52580000117B3 /* ServiceDependencyWrapper.swift in Sources */ = {isa = PBXBuildFile; fileRef = C0DD82D029A52580000117B3 /* ServiceDependencyWrapper.swift */; };
		C0DD831929A52580000117B3 /* ServiceCoordinator.swift in Sources */ = {isa = PBXBuildFile; fileRef = C0DD82D529A52580000117B3 /* ServiceCoordinator.swift */; };
		C0DD831A29A52580000117B3 /* ServiceViewController.swift in Sources */ = {isa = PBXBuildFile; fileRef = C0DD82D729A52580000117B3 /* ServiceViewController.swift */; };
		C0DD831B29A52580000117B3 /* ServiceViewController.xib in Resources */ = {isa = PBXBuildFile; fileRef = C0DD82D829A52580000117B3 /* ServiceViewController.xib */; };
		C0DD831C29A52580000117B3 /* AccountDependencyWrapper.swift in Sources */ = {isa = PBXBuildFile; fileRef = C0DD82DB29A52580000117B3 /* AccountDependencyWrapper.swift */; };
		C0DD831D29A52580000117B3 /* AccountCoordinator.swift in Sources */ = {isa = PBXBuildFile; fileRef = C0DD82E029A52580000117B3 /* AccountCoordinator.swift */; };
		C0DD831E29A52580000117B3 /* AccountViewController.xib in Resources */ = {isa = PBXBuildFile; fileRef = C0DD82E229A52580000117B3 /* AccountViewController.xib */; };
		C0DD831F29A52580000117B3 /* AccountViewController.swift in Sources */ = {isa = PBXBuildFile; fileRef = C0DD82E329A52580000117B3 /* AccountViewController.swift */; };
		C0DD832029A52580000117B3 /* TabBarDependencyWrapper.swift in Sources */ = {isa = PBXBuildFile; fileRef = C0DD82E629A52580000117B3 /* TabBarDependencyWrapper.swift */; };
		C0DD832629A52580000117B3 /* TabBarCoordinator.swift in Sources */ = {isa = PBXBuildFile; fileRef = C0DD82F529A52580000117B3 /* TabBarCoordinator.swift */; };
		C0DD832829A52580000117B3 /* LocationDependencyWrapper.swift in Sources */ = {isa = PBXBuildFile; fileRef = C0DD82FA29A52580000117B3 /* LocationDependencyWrapper.swift */; };
		C0DD832929A52580000117B3 /* LocationCoordinator.swift in Sources */ = {isa = PBXBuildFile; fileRef = C0DD82FF29A52580000117B3 /* LocationCoordinator.swift */; };
		C0DD832A29A52580000117B3 /* LocationViewController.swift in Sources */ = {isa = PBXBuildFile; fileRef = C0DD830129A52580000117B3 /* LocationViewController.swift */; };
		C0DD832B29A52580000117B3 /* LocationViewController.xib in Resources */ = {isa = PBXBuildFile; fileRef = C0DD830229A52580000117B3 /* LocationViewController.xib */; };
		C0DD832C29A52580000117B3 /* HomeDependencyWrapper.swift in Sources */ = {isa = PBXBuildFile; fileRef = C0DD830529A52580000117B3 /* HomeDependencyWrapper.swift */; };
		C0DD832D29A52580000117B3 /* HomeRepository.swift in Sources */ = {isa = PBXBuildFile; fileRef = C0DD830829A52580000117B3 /* HomeRepository.swift */; };
		C0DD832E29A52580000117B3 /* HomeDataProvider.swift in Sources */ = {isa = PBXBuildFile; fileRef = C0DD830A29A52580000117B3 /* HomeDataProvider.swift */; };
		C0DD832F29A52580000117B3 /* HomeModels.swift in Sources */ = {isa = PBXBuildFile; fileRef = C0DD830D29A52580000117B3 /* HomeModels.swift */; };
		C0DD833029A52580000117B3 /* HomeUseCases.swift in Sources */ = {isa = PBXBuildFile; fileRef = C0DD830F29A52580000117B3 /* HomeUseCases.swift */; };
		C0DD833129A52580000117B3 /* HomeViewModel.swift in Sources */ = {isa = PBXBuildFile; fileRef = C0DD831229A52580000117B3 /* HomeViewModel.swift */; };
		C0DD833229A52580000117B3 /* HomeCoordinator.swift in Sources */ = {isa = PBXBuildFile; fileRef = C0DD831429A52580000117B3 /* HomeCoordinator.swift */; };
		C0DD833329A52580000117B3 /* HomeViewController.xib in Resources */ = {isa = PBXBuildFile; fileRef = C0DD831629A52580000117B3 /* HomeViewController.xib */; };
		C0DD833429A52580000117B3 /* HomeViewController.swift in Sources */ = {isa = PBXBuildFile; fileRef = C0DD831729A52580000117B3 /* HomeViewController.swift */; };
		C0DD833A29A52721000117B3 /* XError.swift in Sources */ = {isa = PBXBuildFile; fileRef = C0DD833929A52721000117B3 /* XError.swift */; };
		C0DD833C29A52739000117B3 /* DIContainer.swift in Sources */ = {isa = PBXBuildFile; fileRef = C0DD833B29A52739000117B3 /* DIContainer.swift */; };
		C0DD833E29A52755000117B3 /* BaseDependencyWrapper.swift in Sources */ = {isa = PBXBuildFile; fileRef = C0DD833D29A52755000117B3 /* BaseDependencyWrapper.swift */; };
		C0DD834029A52768000117B3 /* BaseCoordinator.swift in Sources */ = {isa = PBXBuildFile; fileRef = C0DD833F29A52768000117B3 /* BaseCoordinator.swift */; };
		C0DD834229A5277F000117B3 /* Observable.swift in Sources */ = {isa = PBXBuildFile; fileRef = C0DD834129A5277F000117B3 /* Observable.swift */; };
		C0DD834529A527A1000117B3 /* UIColor+.swift in Sources */ = {isa = PBXBuildFile; fileRef = C0DD834429A527A1000117B3 /* UIColor+.swift */; };
		C0DD835229A5A5EF000117B3 /* NotificationListViewController.swift in Sources */ = {isa = PBXBuildFile; fileRef = C0DD835129A5A5EF000117B3 /* NotificationListViewController.swift */; };
		C0DD835429A5A627000117B3 /* NotificationListViewModel.swift in Sources */ = {isa = PBXBuildFile; fileRef = C0DD835329A5A627000117B3 /* NotificationListViewModel.swift */; };
		C0DD835629A5A712000117B3 /* NotificationListViewController.xib in Resources */ = {isa = PBXBuildFile; fileRef = C0DD835529A5A712000117B3 /* NotificationListViewController.xib */; };
		C0DD835829A5B2C1000117B3 /* NetworkManager.swift in Sources */ = {isa = PBXBuildFile; fileRef = C0DD835729A5B2C1000117B3 /* NetworkManager.swift */; };
		C0DD835A29A5B30A000117B3 /* NetworkClient.swift in Sources */ = {isa = PBXBuildFile; fileRef = C0DD835929A5B30A000117B3 /* NetworkClient.swift */; };
		C0DD835C29A5B35B000117B3 /* NetworkError.swift in Sources */ = {isa = PBXBuildFile; fileRef = C0DD835B29A5B35B000117B3 /* NetworkError.swift */; };
		C0DD835E29A5B398000117B3 /* CoreDataStack.swift in Sources */ = {isa = PBXBuildFile; fileRef = C0DD835D29A5B398000117B3 /* CoreDataStack.swift */; };
		C0DD836129A5B3D8000117B3 /* MyAccountBalance.xcdatamodeld in Sources */ = {isa = PBXBuildFile; fileRef = C0DD835F29A5B3D8000117B3 /* MyAccountBalance.xcdatamodeld */; };
		C0DD836329A5B480000117B3 /* Service.swift in Sources */ = {isa = PBXBuildFile; fileRef = C0DD836229A5B480000117B3 /* Service.swift */; };
		C0DD836629A5B580000117B3 /* NotificationViewCell.swift in Sources */ = {isa = PBXBuildFile; fileRef = C0DD836429A5B580000117B3 /* NotificationViewCell.swift */; };
		C0DD836729A5B580000117B3 /* NotificationViewCell.xib in Resources */ = {isa = PBXBuildFile; fileRef = C0DD836529A5B580000117B3 /* NotificationViewCell.xib */; };
/* End PBXBuildFile section */

/* Begin PBXFileReference section */
		C0044DEE29A5DF8D002445AB /* DBMessage+CoreDataClass.swift */ = {isa = PBXFileReference; lastKnownFileType = sourcecode.swift; path = "DBMessage+CoreDataClass.swift"; sourceTree = "<group>"; };
		C0044DEF29A5DF8D002445AB /* DBMessage+CoreDataProperties.swift */ = {isa = PBXFileReference; lastKnownFileType = sourcecode.swift; path = "DBMessage+CoreDataProperties.swift"; sourceTree = "<group>"; };
		C0DD82B529A5242C000117B3 /* MyAccountBalance.app */ = {isa = PBXFileReference; explicitFileType = wrapper.application; includeInIndex = 0; path = MyAccountBalance.app; sourceTree = BUILT_PRODUCTS_DIR; };
		C0DD82B829A5242C000117B3 /* AppDelegate.swift */ = {isa = PBXFileReference; lastKnownFileType = sourcecode.swift; path = AppDelegate.swift; sourceTree = "<group>"; };
		C0DD82C129A5242D000117B3 /* Assets.xcassets */ = {isa = PBXFileReference; lastKnownFileType = folder.assetcatalog; path = Assets.xcassets; sourceTree = "<group>"; };
		C0DD82C429A5242D000117B3 /* Base */ = {isa = PBXFileReference; lastKnownFileType = file.storyboard; name = Base; path = Base.lproj/LaunchScreen.storyboard; sourceTree = "<group>"; };
		C0DD82C629A5242D000117B3 /* Info.plist */ = {isa = PBXFileReference; lastKnownFileType = text.plist.xml; path = Info.plist; sourceTree = "<group>"; };
		C0DD82D029A52580000117B3 /* ServiceDependencyWrapper.swift */ = {isa = PBXFileReference; fileEncoding = 4; lastKnownFileType = sourcecode.swift; path = ServiceDependencyWrapper.swift; sourceTree = "<group>"; };
		C0DD82D529A52580000117B3 /* ServiceCoordinator.swift */ = {isa = PBXFileReference; fileEncoding = 4; lastKnownFileType = sourcecode.swift; path = ServiceCoordinator.swift; sourceTree = "<group>"; };
		C0DD82D729A52580000117B3 /* ServiceViewController.swift */ = {isa = PBXFileReference; fileEncoding = 4; lastKnownFileType = sourcecode.swift; path = ServiceViewController.swift; sourceTree = "<group>"; };
		C0DD82D829A52580000117B3 /* ServiceViewController.xib */ = {isa = PBXFileReference; fileEncoding = 4; lastKnownFileType = file.xib; path = ServiceViewController.xib; sourceTree = "<group>"; };
		C0DD82DB29A52580000117B3 /* AccountDependencyWrapper.swift */ = {isa = PBXFileReference; fileEncoding = 4; lastKnownFileType = sourcecode.swift; path = AccountDependencyWrapper.swift; sourceTree = "<group>"; };
		C0DD82E029A52580000117B3 /* AccountCoordinator.swift */ = {isa = PBXFileReference; fileEncoding = 4; lastKnownFileType = sourcecode.swift; path = AccountCoordinator.swift; sourceTree = "<group>"; };
		C0DD82E229A52580000117B3 /* AccountViewController.xib */ = {isa = PBXFileReference; fileEncoding = 4; lastKnownFileType = file.xib; path = AccountViewController.xib; sourceTree = "<group>"; };
		C0DD82E329A52580000117B3 /* AccountViewController.swift */ = {isa = PBXFileReference; fileEncoding = 4; lastKnownFileType = sourcecode.swift; path = AccountViewController.swift; sourceTree = "<group>"; };
		C0DD82E629A52580000117B3 /* TabBarDependencyWrapper.swift */ = {isa = PBXFileReference; fileEncoding = 4; lastKnownFileType = sourcecode.swift; path = TabBarDependencyWrapper.swift; sourceTree = "<group>"; };
		C0DD82F529A52580000117B3 /* TabBarCoordinator.swift */ = {isa = PBXFileReference; fileEncoding = 4; lastKnownFileType = sourcecode.swift; path = TabBarCoordinator.swift; sourceTree = "<group>"; };
		C0DD82FA29A52580000117B3 /* LocationDependencyWrapper.swift */ = {isa = PBXFileReference; fileEncoding = 4; lastKnownFileType = sourcecode.swift; path = LocationDependencyWrapper.swift; sourceTree = "<group>"; };
		C0DD82FF29A52580000117B3 /* LocationCoordinator.swift */ = {isa = PBXFileReference; fileEncoding = 4; lastKnownFileType = sourcecode.swift; path = LocationCoordinator.swift; sourceTree = "<group>"; };
		C0DD830129A52580000117B3 /* LocationViewController.swift */ = {isa = PBXFileReference; fileEncoding = 4; lastKnownFileType = sourcecode.swift; path = LocationViewController.swift; sourceTree = "<group>"; };
		C0DD830229A52580000117B3 /* LocationViewController.xib */ = {isa = PBXFileReference; fileEncoding = 4; lastKnownFileType = file.xib; path = LocationViewController.xib; sourceTree = "<group>"; };
		C0DD830529A52580000117B3 /* HomeDependencyWrapper.swift */ = {isa = PBXFileReference; fileEncoding = 4; lastKnownFileType = sourcecode.swift; path = HomeDependencyWrapper.swift; sourceTree = "<group>"; };
		C0DD830829A52580000117B3 /* HomeRepository.swift */ = {isa = PBXFileReference; fileEncoding = 4; lastKnownFileType = sourcecode.swift; path = HomeRepository.swift; sourceTree = "<group>"; };
		C0DD830A29A52580000117B3 /* HomeDataProvider.swift */ = {isa = PBXFileReference; fileEncoding = 4; lastKnownFileType = sourcecode.swift; path = HomeDataProvider.swift; sourceTree = "<group>"; };
		C0DD830D29A52580000117B3 /* HomeModels.swift */ = {isa = PBXFileReference; fileEncoding = 4; lastKnownFileType = sourcecode.swift; path = HomeModels.swift; sourceTree = "<group>"; };
		C0DD830F29A52580000117B3 /* HomeUseCases.swift */ = {isa = PBXFileReference; fileEncoding = 4; lastKnownFileType = sourcecode.swift; path = HomeUseCases.swift; sourceTree = "<group>"; };
		C0DD831229A52580000117B3 /* HomeViewModel.swift */ = {isa = PBXFileReference; fileEncoding = 4; lastKnownFileType = sourcecode.swift; path = HomeViewModel.swift; sourceTree = "<group>"; };
		C0DD831429A52580000117B3 /* HomeCoordinator.swift */ = {isa = PBXFileReference; fileEncoding = 4; lastKnownFileType = sourcecode.swift; path = HomeCoordinator.swift; sourceTree = "<group>"; };
		C0DD831629A52580000117B3 /* HomeViewController.xib */ = {isa = PBXFileReference; fileEncoding = 4; lastKnownFileType = file.xib; path = HomeViewController.xib; sourceTree = "<group>"; };
		C0DD831729A52580000117B3 /* HomeViewController.swift */ = {isa = PBXFileReference; fileEncoding = 4; lastKnownFileType = sourcecode.swift; path = HomeViewController.swift; sourceTree = "<group>"; };
		C0DD833929A52721000117B3 /* XError.swift */ = {isa = PBXFileReference; lastKnownFileType = sourcecode.swift; path = XError.swift; sourceTree = "<group>"; };
		C0DD833B29A52739000117B3 /* DIContainer.swift */ = {isa = PBXFileReference; lastKnownFileType = sourcecode.swift; path = DIContainer.swift; sourceTree = "<group>"; };
		C0DD833D29A52755000117B3 /* BaseDependencyWrapper.swift */ = {isa = PBXFileReference; lastKnownFileType = sourcecode.swift; path = BaseDependencyWrapper.swift; sourceTree = "<group>"; };
		C0DD833F29A52768000117B3 /* BaseCoordinator.swift */ = {isa = PBXFileReference; lastKnownFileType = sourcecode.swift; path = BaseCoordinator.swift; sourceTree = "<group>"; };
		C0DD834129A5277F000117B3 /* Observable.swift */ = {isa = PBXFileReference; lastKnownFileType = sourcecode.swift; path = Observable.swift; sourceTree = "<group>"; };
		C0DD834429A527A1000117B3 /* UIColor+.swift */ = {isa = PBXFileReference; lastKnownFileType = sourcecode.swift; path = "UIColor+.swift"; sourceTree = "<group>"; };
		C0DD835129A5A5EF000117B3 /* NotificationListViewController.swift */ = {isa = PBXFileReference; lastKnownFileType = sourcecode.swift; path = NotificationListViewController.swift; sourceTree = "<group>"; };
		C0DD835329A5A627000117B3 /* NotificationListViewModel.swift */ = {isa = PBXFileReference; lastKnownFileType = sourcecode.swift; path = NotificationListViewModel.swift; sourceTree = "<group>"; };
		C0DD835529A5A712000117B3 /* NotificationListViewController.xib */ = {isa = PBXFileReference; lastKnownFileType = file.xib; path = NotificationListViewController.xib; sourceTree = "<group>"; };
		C0DD835729A5B2C1000117B3 /* NetworkManager.swift */ = {isa = PBXFileReference; lastKnownFileType = sourcecode.swift; path = NetworkManager.swift; sourceTree = "<group>"; };
		C0DD835929A5B30A000117B3 /* NetworkClient.swift */ = {isa = PBXFileReference; lastKnownFileType = sourcecode.swift; path = NetworkClient.swift; sourceTree = "<group>"; };
		C0DD835B29A5B35B000117B3 /* NetworkError.swift */ = {isa = PBXFileReference; lastKnownFileType = sourcecode.swift; path = NetworkError.swift; sourceTree = "<group>"; };
		C0DD835D29A5B398000117B3 /* CoreDataStack.swift */ = {isa = PBXFileReference; lastKnownFileType = sourcecode.swift; path = CoreDataStack.swift; sourceTree = "<group>"; };
		C0DD836029A5B3D8000117B3 /* MyAccountBalance.xcdatamodel */ = {isa = PBXFileReference; lastKnownFileType = wrapper.xcdatamodel; path = MyAccountBalance.xcdatamodel; sourceTree = "<group>"; };
		C0DD836229A5B480000117B3 /* Service.swift */ = {isa = PBXFileReference; lastKnownFileType = sourcecode.swift; path = Service.swift; sourceTree = "<group>"; };
		C0DD836429A5B580000117B3 /* NotificationViewCell.swift */ = {isa = PBXFileReference; lastKnownFileType = sourcecode.swift; path = NotificationViewCell.swift; sourceTree = "<group>"; };
		C0DD836529A5B580000117B3 /* NotificationViewCell.xib */ = {isa = PBXFileReference; lastKnownFileType = file.xib; path = NotificationViewCell.xib; sourceTree = "<group>"; };
/* End PBXFileReference section */

/* Begin PBXFrameworksBuildPhase section */
		C0DD82B229A5242C000117B3 /* Frameworks */ = {
			isa = PBXFrameworksBuildPhase;
			buildActionMask = 2147483647;
			files = (
			);
			runOnlyForDeploymentPostprocessing = 0;
		};
/* End PBXFrameworksBuildPhase section */

/* Begin PBXGroup section */
		C0DD82AC29A5242C000117B3 = {
			isa = PBXGroup;
			children = (
				C0DD82B729A5242C000117B3 /* MyAccountBalance */,
				C0DD82B629A5242C000117B3 /* Products */,
			);
			sourceTree = "<group>";
		};
		C0DD82B629A5242C000117B3 /* Products */ = {
			isa = PBXGroup;
			children = (
				C0DD82B529A5242C000117B3 /* MyAccountBalance.app */,
			);
			name = Products;
			sourceTree = "<group>";
		};
		C0DD82B729A5242C000117B3 /* MyAccountBalance */ = {
			isa = PBXGroup;
			children = (
				C0DD82B829A5242C000117B3 /* AppDelegate.swift */,
				C0DD833629A525C8000117B3 /* Screen */,
				C0DD833729A526F5000117B3 /* Common */,
				C0DD82CC29A5245C000117B3 /* Supporting Files */,
			);
			path = MyAccountBalance;
			sourceTree = "<group>";
		};
		C0DD82CC29A5245C000117B3 /* Supporting Files */ = {
			isa = PBXGroup;
			children = (
				C0DD82C329A5242D000117B3 /* LaunchScreen.storyboard */,
				C0DD82C129A5242D000117B3 /* Assets.xcassets */,
				C0DD82C629A5242D000117B3 /* Info.plist */,
			);
			name = "Supporting Files";
			sourceTree = "<group>";
		};
		C0DD82CE29A52580000117B3 /* Service */ = {
			isa = PBXGroup;
			children = (
				C0DD82CF29A52580000117B3 /* DIContainer */,
				C0DD82D329A52580000117B3 /* Presentation */,
			);
			path = Service;
			sourceTree = "<group>";
		};
		C0DD82CF29A52580000117B3 /* DIContainer */ = {
			isa = PBXGroup;
			children = (
				C0DD82D029A52580000117B3 /* ServiceDependencyWrapper.swift */,
			);
			path = DIContainer;
			sourceTree = "<group>";
		};
		C0DD82D329A52580000117B3 /* Presentation */ = {
			isa = PBXGroup;
			children = (
				C0DD82D429A52580000117B3 /* Coordinator */,
				C0DD82D629A52580000117B3 /* View */,
			);
			path = Presentation;
			sourceTree = "<group>";
		};
		C0DD82D429A52580000117B3 /* Coordinator */ = {
			isa = PBXGroup;
			children = (
				C0DD82D529A52580000117B3 /* ServiceCoordinator.swift */,
			);
			path = Coordinator;
			sourceTree = "<group>";
		};
		C0DD82D629A52580000117B3 /* View */ = {
			isa = PBXGroup;
			children = (
				C0DD82D729A52580000117B3 /* ServiceViewController.swift */,
				C0DD82D829A52580000117B3 /* ServiceViewController.xib */,
			);
			path = View;
			sourceTree = "<group>";
		};
		C0DD82D929A52580000117B3 /* Account */ = {
			isa = PBXGroup;
			children = (
				C0DD82DA29A52580000117B3 /* DIContainer */,
				C0DD82DE29A52580000117B3 /* Presentation */,
			);
			path = Account;
			sourceTree = "<group>";
		};
		C0DD82DA29A52580000117B3 /* DIContainer */ = {
			isa = PBXGroup;
			children = (
				C0DD82DB29A52580000117B3 /* AccountDependencyWrapper.swift */,
			);
			path = DIContainer;
			sourceTree = "<group>";
		};
		C0DD82DE29A52580000117B3 /* Presentation */ = {
			isa = PBXGroup;
			children = (
				C0DD82DF29A52580000117B3 /* Coordinator */,
				C0DD82E129A52580000117B3 /* View */,
			);
			path = Presentation;
			sourceTree = "<group>";
		};
		C0DD82DF29A52580000117B3 /* Coordinator */ = {
			isa = PBXGroup;
			children = (
				C0DD82E029A52580000117B3 /* AccountCoordinator.swift */,
			);
			path = Coordinator;
			sourceTree = "<group>";
		};
		C0DD82E129A52580000117B3 /* View */ = {
			isa = PBXGroup;
			children = (
				C0DD82E329A52580000117B3 /* AccountViewController.swift */,
				C0DD82E229A52580000117B3 /* AccountViewController.xib */,
			);
			path = View;
			sourceTree = "<group>";
		};
		C0DD82E429A52580000117B3 /* Tab */ = {
			isa = PBXGroup;
			children = (
				C0DD82E529A52580000117B3 /* DIContainer */,
				C0DD82F129A52580000117B3 /* Presentation */,
			);
			path = Tab;
			sourceTree = "<group>";
		};
		C0DD82E529A52580000117B3 /* DIContainer */ = {
			isa = PBXGroup;
			children = (
				C0DD82E629A52580000117B3 /* TabBarDependencyWrapper.swift */,
			);
			path = DIContainer;
			sourceTree = "<group>";
		};
		C0DD82F129A52580000117B3 /* Presentation */ = {
			isa = PBXGroup;
			children = (
				C0DD82F429A52580000117B3 /* Coordinator */,
			);
			path = Presentation;
			sourceTree = "<group>";
		};
		C0DD82F429A52580000117B3 /* Coordinator */ = {
			isa = PBXGroup;
			children = (
				C0DD82F529A52580000117B3 /* TabBarCoordinator.swift */,
			);
			path = Coordinator;
			sourceTree = "<group>";
		};
		C0DD82F829A52580000117B3 /* Location */ = {
			isa = PBXGroup;
			children = (
				C0DD82F929A52580000117B3 /* DIContainer */,
				C0DD82FD29A52580000117B3 /* Presentation */,
			);
			path = Location;
			sourceTree = "<group>";
		};
		C0DD82F929A52580000117B3 /* DIContainer */ = {
			isa = PBXGroup;
			children = (
				C0DD82FA29A52580000117B3 /* LocationDependencyWrapper.swift */,
			);
			path = DIContainer;
			sourceTree = "<group>";
		};
		C0DD82FD29A52580000117B3 /* Presentation */ = {
			isa = PBXGroup;
			children = (
				C0DD82FE29A52580000117B3 /* Coordinator */,
				C0DD830029A52580000117B3 /* View */,
			);
			path = Presentation;
			sourceTree = "<group>";
		};
		C0DD82FE29A52580000117B3 /* Coordinator */ = {
			isa = PBXGroup;
			children = (
				C0DD82FF29A52580000117B3 /* LocationCoordinator.swift */,
			);
			path = Coordinator;
			sourceTree = "<group>";
		};
		C0DD830029A52580000117B3 /* View */ = {
			isa = PBXGroup;
			children = (
				C0DD830129A52580000117B3 /* LocationViewController.swift */,
				C0DD830229A52580000117B3 /* LocationViewController.xib */,
			);
			path = View;
			sourceTree = "<group>";
		};
		C0DD830329A52580000117B3 /* Home */ = {
			isa = PBXGroup;
			children = (
				C0DD830429A52580000117B3 /* DIContainer */,
				C0DD830629A52580000117B3 /* Data */,
				C0DD830B29A52580000117B3 /* Domain */,
				C0DD831029A52580000117B3 /* Presentation */,
			);
			path = Home;
			sourceTree = "<group>";
		};
		C0DD830429A52580000117B3 /* DIContainer */ = {
			isa = PBXGroup;
			children = (
				C0DD830529A52580000117B3 /* HomeDependencyWrapper.swift */,
			);
			path = DIContainer;
			sourceTree = "<group>";
		};
		C0DD830629A52580000117B3 /* Data */ = {
			isa = PBXGroup;
			children = (
				C0DD830729A52580000117B3 /* Repository */,
				C0DD830929A52580000117B3 /* Provider */,
			);
			path = Data;
			sourceTree = "<group>";
		};
		C0DD830729A52580000117B3 /* Repository */ = {
			isa = PBXGroup;
			children = (
				C0DD830829A52580000117B3 /* HomeRepository.swift */,
			);
			path = Repository;
			sourceTree = "<group>";
		};
		C0DD830929A52580000117B3 /* Provider */ = {
			isa = PBXGroup;
			children = (
				C0DD830A29A52580000117B3 /* HomeDataProvider.swift */,
			);
			path = Provider;
			sourceTree = "<group>";
		};
		C0DD830B29A52580000117B3 /* Domain */ = {
			isa = PBXGroup;
			children = (
				C0DD830C29A52580000117B3 /* Model */,
				C0DD830E29A52580000117B3 /* UseCase */,
			);
			path = Domain;
			sourceTree = "<group>";
		};
		C0DD830C29A52580000117B3 /* Model */ = {
			isa = PBXGroup;
			children = (
				C0DD830D29A52580000117B3 /* HomeModels.swift */,
			);
			path = Model;
			sourceTree = "<group>";
		};
		C0DD830E29A52580000117B3 /* UseCase */ = {
			isa = PBXGroup;
			children = (
				C0DD830F29A52580000117B3 /* HomeUseCases.swift */,
			);
			path = UseCase;
			sourceTree = "<group>";
		};
		C0DD831029A52580000117B3 /* Presentation */ = {
			isa = PBXGroup;
			children = (
				C0DD831329A52580000117B3 /* Coordinator */,
				C0DD831129A52580000117B3 /* ViewModel */,
				C0DD831529A52580000117B3 /* View */,
			);
			path = Presentation;
			sourceTree = "<group>";
		};
		C0DD831129A52580000117B3 /* ViewModel */ = {
			isa = PBXGroup;
			children = (
				C0DD831229A52580000117B3 /* HomeViewModel.swift */,
				C0DD835329A5A627000117B3 /* NotificationListViewModel.swift */,
			);
			path = ViewModel;
			sourceTree = "<group>";
		};
		C0DD831329A52580000117B3 /* Coordinator */ = {
			isa = PBXGroup;
			children = (
				C0DD831429A52580000117B3 /* HomeCoordinator.swift */,
			);
			path = Coordinator;
			sourceTree = "<group>";
		};
		C0DD831529A52580000117B3 /* View */ = {
			isa = PBXGroup;
			children = (
				C0DD831729A52580000117B3 /* HomeViewController.swift */,
				C0DD831629A52580000117B3 /* HomeViewController.xib */,
				C0DD835129A5A5EF000117B3 /* NotificationListViewController.swift */,
				C0DD835529A5A712000117B3 /* NotificationListViewController.xib */,
				C0DD836429A5B580000117B3 /* NotificationViewCell.swift */,
				C0DD836529A5B580000117B3 /* NotificationViewCell.xib */,
			);
			path = View;
			sourceTree = "<group>";
		};
		C0DD833629A525C8000117B3 /* Screen */ = {
			isa = PBXGroup;
			children = (
				C0DD82E429A52580000117B3 /* Tab */,
				C0DD830329A52580000117B3 /* Home */,
				C0DD82D929A52580000117B3 /* Account */,
				C0DD82F829A52580000117B3 /* Location */,
				C0DD82CE29A52580000117B3 /* Service */,
			);
			path = Screen;
			sourceTree = "<group>";
		};
		C0DD833729A526F5000117B3 /* Common */ = {
			isa = PBXGroup;
			children = (
				C0DD833829A52703000117B3 /* Base Classes */,
				C0DD834629A528B1000117B3 /* Utils */,
				C0DD834329A52790000117B3 /* Extensions */,
			);
			path = Common;
			sourceTree = "<group>";
		};
		C0DD833829A52703000117B3 /* Base Classes */ = {
			isa = PBXGroup;
			children = (
				C0DD833929A52721000117B3 /* XError.swift */,
				C0DD833B29A52739000117B3 /* DIContainer.swift */,
				C0DD833D29A52755000117B3 /* BaseDependencyWrapper.swift */,
				C0DD833F29A52768000117B3 /* BaseCoordinator.swift */,
				C0DD834129A5277F000117B3 /* Observable.swift */,
			);
			path = "Base Classes";
			sourceTree = "<group>";
		};
		C0DD834329A52790000117B3 /* Extensions */ = {
			isa = PBXGroup;
			children = (
				C0DD834429A527A1000117B3 /* UIColor+.swift */,
			);
			path = Extensions;
			sourceTree = "<group>";
		};
		C0DD834629A528B1000117B3 /* Utils */ = {
			isa = PBXGroup;
			children = (
				C0DD834729A528EA000117B3 /* Storage */,
				C0DD834829A528F6000117B3 /* Network */,
			);
			path = Utils;
			sourceTree = "<group>";
		};
		C0DD834729A528EA000117B3 /* Storage */ = {
			isa = PBXGroup;
			children = (
				C0DD835D29A5B398000117B3 /* CoreDataStack.swift */,
				C0044DEF29A5DF8D002445AB /* DBMessage+CoreDataProperties.swift */,
				C0044DEE29A5DF8D002445AB /* DBMessage+CoreDataClass.swift */,
				C0DD835F29A5B3D8000117B3 /* MyAccountBalance.xcdatamodeld */,
			);
			path = Storage;
			sourceTree = "<group>";
		};
		C0DD834829A528F6000117B3 /* Network */ = {
			isa = PBXGroup;
			children = (
				C0DD835729A5B2C1000117B3 /* NetworkManager.swift */,
				C0DD835929A5B30A000117B3 /* NetworkClient.swift */,
				C0DD835B29A5B35B000117B3 /* NetworkError.swift */,
				C0DD836229A5B480000117B3 /* Service.swift */,
			);
			path = Network;
			sourceTree = "<group>";
		};
/* End PBXGroup section */

/* Begin PBXNativeTarget section */
		C0DD82B429A5242C000117B3 /* MyAccountBalance */ = {
			isa = PBXNativeTarget;
			buildConfigurationList = C0DD82C929A5242D000117B3 /* Build configuration list for PBXNativeTarget "MyAccountBalance" */;
			buildPhases = (
				C0DD82B129A5242C000117B3 /* Sources */,
				C0DD82B229A5242C000117B3 /* Frameworks */,
				C0DD82B329A5242C000117B3 /* Resources */,
			);
			buildRules = (
			);
			dependencies = (
			);
			name = MyAccountBalance;
			productName = MyAccountBalance;
			productReference = C0DD82B529A5242C000117B3 /* MyAccountBalance.app */;
			productType = "com.apple.product-type.application";
		};
/* End PBXNativeTarget section */

/* Begin PBXProject section */
		C0DD82AD29A5242C000117B3 /* Project object */ = {
			isa = PBXProject;
			attributes = {
				BuildIndependentTargetsInParallel = 1;
				LastSwiftUpdateCheck = 1420;
				LastUpgradeCheck = 1420;
				TargetAttributes = {
					C0DD82B429A5242C000117B3 = {
						CreatedOnToolsVersion = 14.2;
					};
				};
			};
			buildConfigurationList = C0DD82B029A5242C000117B3 /* Build configuration list for PBXProject "MyAccountBalance" */;
			compatibilityVersion = "Xcode 14.0";
			developmentRegion = en;
			hasScannedForEncodings = 0;
			knownRegions = (
				en,
				Base,
			);
			mainGroup = C0DD82AC29A5242C000117B3;
			productRefGroup = C0DD82B629A5242C000117B3 /* Products */;
			projectDirPath = "";
			projectRoot = "";
			targets = (
				C0DD82B429A5242C000117B3 /* MyAccountBalance */,
			);
		};
/* End PBXProject section */

/* Begin PBXResourcesBuildPhase section */
		C0DD82B329A5242C000117B3 /* Resources */ = {
			isa = PBXResourcesBuildPhase;
			buildActionMask = 2147483647;
			files = (
				C0DD82C529A5242D000117B3 /* LaunchScreen.storyboard in Resources */,
				C0DD835629A5A712000117B3 /* NotificationListViewController.xib in Resources */,
				C0DD82C229A5242D000117B3 /* Assets.xcassets in Resources */,
				C0DD836729A5B580000117B3 /* NotificationViewCell.xib in Resources */,
				C0DD831E29A52580000117B3 /* AccountViewController.xib in Resources */,
				C0DD832B29A52580000117B3 /* LocationViewController.xib in Resources */,
				C0DD831B29A52580000117B3 /* ServiceViewController.xib in Resources */,
				C0DD833329A52580000117B3 /* HomeViewController.xib in Resources */,
			);
			runOnlyForDeploymentPostprocessing = 0;
		};
/* End PBXResourcesBuildPhase section */

/* Begin PBXSourcesBuildPhase section */
		C0DD82B129A5242C000117B3 /* Sources */ = {
			isa = PBXSourcesBuildPhase;
			buildActionMask = 2147483647;
			files = (
				C0DD833C29A52739000117B3 /* DIContainer.swift in Sources */,
				C0DD832D29A52580000117B3 /* HomeRepository.swift in Sources */,
				C0DD831829A52580000117B3 /* ServiceDependencyWrapper.swift in Sources */,
				C0DD833029A52580000117B3 /* HomeUseCases.swift in Sources */,
				C0DD832829A52580000117B3 /* LocationDependencyWrapper.swift in Sources */,
				C0DD835C29A5B35B000117B3 /* NetworkError.swift in Sources */,
				C0DD833229A52580000117B3 /* HomeCoordinator.swift in Sources */,
				C0DD835E29A5B398000117B3 /* CoreDataStack.swift in Sources */,
				C0DD82B929A5242C000117B3 /* AppDelegate.swift in Sources */,
				C0DD833429A52580000117B3 /* HomeViewController.swift in Sources */,
				C0044DF129A5DF8D002445AB /* DBMessage+CoreDataProperties.swift in Sources */,
				C0DD833E29A52755000117B3 /* BaseDependencyWrapper.swift in Sources */,
				C0DD836329A5B480000117B3 /* Service.swift in Sources */,
				C0DD835229A5A5EF000117B3 /* NotificationListViewController.swift in Sources */,
				C0DD831F29A52580000117B3 /* AccountViewController.swift in Sources */,
				C0DD835A29A5B30A000117B3 /* NetworkClient.swift in Sources */,
				C0DD832F29A52580000117B3 /* HomeModels.swift in Sources */,
				C0DD831D29A52580000117B3 /* AccountCoordinator.swift in Sources */,
				C0DD835429A5A627000117B3 /* NotificationListViewModel.swift in Sources */,
				C0DD835829A5B2C1000117B3 /* NetworkManager.swift in Sources */,
				C0044DF029A5DF8D002445AB /* DBMessage+CoreDataClass.swift in Sources */,
				C0DD836129A5B3D8000117B3 /* MyAccountBalance.xcdatamodeld in Sources */,
				C0DD834529A527A1000117B3 /* UIColor+.swift in Sources */,
				C0DD832C29A52580000117B3 /* HomeDependencyWrapper.swift in Sources */,
				C0DD832029A52580000117B3 /* TabBarDependencyWrapper.swift in Sources */,
				C0DD831A29A52580000117B3 /* ServiceViewController.swift in Sources */,
				C0DD832629A52580000117B3 /* TabBarCoordinator.swift in Sources */,
				C0DD833A29A52721000117B3 /* XError.swift in Sources */,
				C0DD831C29A52580000117B3 /* AccountDependencyWrapper.swift in Sources */,
				C0DD833129A52580000117B3 /* HomeViewModel.swift in Sources */,
				C0DD834029A52768000117B3 /* BaseCoordinator.swift in Sources */,
				C0DD832A29A52580000117B3 /* LocationViewController.swift in Sources */,
				C0DD836629A5B580000117B3 /* NotificationViewCell.swift in Sources */,
				C0DD834229A5277F000117B3 /* Observable.swift in Sources */,
				C0DD832929A52580000117B3 /* LocationCoordinator.swift in Sources */,
				C0DD831929A52580000117B3 /* ServiceCoordinator.swift in Sources */,
				C0DD832E29A52580000117B3 /* HomeDataProvider.swift in Sources */,
			);
			runOnlyForDeploymentPostprocessing = 0;
		};
/* End PBXSourcesBuildPhase section */

/* Begin PBXVariantGroup section */
		C0DD82C329A5242D000117B3 /* LaunchScreen.storyboard */ = {
			isa = PBXVariantGroup;
			children = (
				C0DD82C429A5242D000117B3 /* Base */,
			);
			name = LaunchScreen.storyboard;
			sourceTree = "<group>";
		};
/* End PBXVariantGroup section */

/* Begin XCBuildConfiguration section */
		C0DD82C729A5242D000117B3 /* Debug */ = {
			isa = XCBuildConfiguration;
			buildSettings = {
				ALWAYS_SEARCH_USER_PATHS = NO;
				CLANG_ANALYZER_NONNULL = YES;
				CLANG_ANALYZER_NUMBER_OBJECT_CONVERSION = YES_AGGRESSIVE;
				CLANG_CXX_LANGUAGE_STANDARD = "gnu++20";
				CLANG_ENABLE_MODULES = YES;
				CLANG_ENABLE_OBJC_ARC = YES;
				CLANG_ENABLE_OBJC_WEAK = YES;
				CLANG_WARN_BLOCK_CAPTURE_AUTORELEASING = YES;
				CLANG_WARN_BOOL_CONVERSION = YES;
				CLANG_WARN_COMMA = YES;
				CLANG_WARN_CONSTANT_CONVERSION = YES;
				CLANG_WARN_DEPRECATED_OBJC_IMPLEMENTATIONS = YES;
				CLANG_WARN_DIRECT_OBJC_ISA_USAGE = YES_ERROR;
				CLANG_WARN_DOCUMENTATION_COMMENTS = YES;
				CLANG_WARN_EMPTY_BODY = YES;
				CLANG_WARN_ENUM_CONVERSION = YES;
				CLANG_WARN_INFINITE_RECURSION = YES;
				CLANG_WARN_INT_CONVERSION = YES;
				CLANG_WARN_NON_LITERAL_NULL_CONVERSION = YES;
				CLANG_WARN_OBJC_IMPLICIT_RETAIN_SELF = YES;
				CLANG_WARN_OBJC_LITERAL_CONVERSION = YES;
				CLANG_WARN_OBJC_ROOT_CLASS = YES_ERROR;
				CLANG_WARN_QUOTED_INCLUDE_IN_FRAMEWORK_HEADER = YES;
				CLANG_WARN_RANGE_LOOP_ANALYSIS = YES;
				CLANG_WARN_STRICT_PROTOTYPES = YES;
				CLANG_WARN_SUSPICIOUS_MOVE = YES;
				CLANG_WARN_UNGUARDED_AVAILABILITY = YES_AGGRESSIVE;
				CLANG_WARN_UNREACHABLE_CODE = YES;
				CLANG_WARN__DUPLICATE_METHOD_MATCH = YES;
				COPY_PHASE_STRIP = NO;
				DEBUG_INFORMATION_FORMAT = dwarf;
				ENABLE_STRICT_OBJC_MSGSEND = YES;
				ENABLE_TESTABILITY = YES;
				GCC_C_LANGUAGE_STANDARD = gnu11;
				GCC_DYNAMIC_NO_PIC = NO;
				GCC_NO_COMMON_BLOCKS = YES;
				GCC_OPTIMIZATION_LEVEL = 0;
				GCC_PREPROCESSOR_DEFINITIONS = (
					"DEBUG=1",
					"$(inherited)",
				);
				GCC_WARN_64_TO_32_BIT_CONVERSION = YES;
				GCC_WARN_ABOUT_RETURN_TYPE = YES_ERROR;
				GCC_WARN_UNDECLARED_SELECTOR = YES;
				GCC_WARN_UNINITIALIZED_AUTOS = YES_AGGRESSIVE;
				GCC_WARN_UNUSED_FUNCTION = YES;
				GCC_WARN_UNUSED_VARIABLE = YES;
				IPHONEOS_DEPLOYMENT_TARGET = 16.2;
				MTL_ENABLE_DEBUG_INFO = INCLUDE_SOURCE;
				MTL_FAST_MATH = YES;
				ONLY_ACTIVE_ARCH = YES;
				SDKROOT = iphoneos;
				SWIFT_ACTIVE_COMPILATION_CONDITIONS = DEBUG;
				SWIFT_OPTIMIZATION_LEVEL = "-Onone";
			};
			name = Debug;
		};
		C0DD82C829A5242D000117B3 /* Release */ = {
			isa = XCBuildConfiguration;
			buildSettings = {
				ALWAYS_SEARCH_USER_PATHS = NO;
				CLANG_ANALYZER_NONNULL = YES;
				CLANG_ANALYZER_NUMBER_OBJECT_CONVERSION = YES_AGGRESSIVE;
				CLANG_CXX_LANGUAGE_STANDARD = "gnu++20";
				CLANG_ENABLE_MODULES = YES;
				CLANG_ENABLE_OBJC_ARC = YES;
				CLANG_ENABLE_OBJC_WEAK = YES;
				CLANG_WARN_BLOCK_CAPTURE_AUTORELEASING = YES;
				CLANG_WARN_BOOL_CONVERSION = YES;
				CLANG_WARN_COMMA = YES;
				CLANG_WARN_CONSTANT_CONVERSION = YES;
				CLANG_WARN_DEPRECATED_OBJC_IMPLEMENTATIONS = YES;
				CLANG_WARN_DIRECT_OBJC_ISA_USAGE = YES_ERROR;
				CLANG_WARN_DOCUMENTATION_COMMENTS = YES;
				CLANG_WARN_EMPTY_BODY = YES;
				CLANG_WARN_ENUM_CONVERSION = YES;
				CLANG_WARN_INFINITE_RECURSION = YES;
				CLANG_WARN_INT_CONVERSION = YES;
				CLANG_WARN_NON_LITERAL_NULL_CONVERSION = YES;
				CLANG_WARN_OBJC_IMPLICIT_RETAIN_SELF = YES;
				CLANG_WARN_OBJC_LITERAL_CONVERSION = YES;
				CLANG_WARN_OBJC_ROOT_CLASS = YES_ERROR;
				CLANG_WARN_QUOTED_INCLUDE_IN_FRAMEWORK_HEADER = YES;
				CLANG_WARN_RANGE_LOOP_ANALYSIS = YES;
				CLANG_WARN_STRICT_PROTOTYPES = YES;
				CLANG_WARN_SUSPICIOUS_MOVE = YES;
				CLANG_WARN_UNGUARDED_AVAILABILITY = YES_AGGRESSIVE;
				CLANG_WARN_UNREACHABLE_CODE = YES;
				CLANG_WARN__DUPLICATE_METHOD_MATCH = YES;
				COPY_PHASE_STRIP = NO;
				DEBUG_INFORMATION_FORMAT = "dwarf-with-dsym";
				ENABLE_NS_ASSERTIONS = NO;
				ENABLE_STRICT_OBJC_MSGSEND = YES;
				GCC_C_LANGUAGE_STANDARD = gnu11;
				GCC_NO_COMMON_BLOCKS = YES;
				GCC_WARN_64_TO_32_BIT_CONVERSION = YES;
				GCC_WARN_ABOUT_RETURN_TYPE = YES_ERROR;
				GCC_WARN_UNDECLARED_SELECTOR = YES;
				GCC_WARN_UNINITIALIZED_AUTOS = YES_AGGRESSIVE;
				GCC_WARN_UNUSED_FUNCTION = YES;
				GCC_WARN_UNUSED_VARIABLE = YES;
				IPHONEOS_DEPLOYMENT_TARGET = 16.2;
				MTL_ENABLE_DEBUG_INFO = NO;
				MTL_FAST_MATH = YES;
				SDKROOT = iphoneos;
				SWIFT_COMPILATION_MODE = wholemodule;
				SWIFT_OPTIMIZATION_LEVEL = "-O";
				VALIDATE_PRODUCT = YES;
			};
			name = Release;
		};
		C0DD82CA29A5242D000117B3 /* Debug */ = {
			isa = XCBuildConfiguration;
			buildSettings = {
				ASSETCATALOG_COMPILER_APPICON_NAME = AppIcon;
				ASSETCATALOG_COMPILER_GLOBAL_ACCENT_COLOR_NAME = AccentColor;
				CODE_SIGN_STYLE = Automatic;
				CURRENT_PROJECT_VERSION = 1;
				DEVELOPMENT_TEAM = NCGTM97MB7;
				GENERATE_INFOPLIST_FILE = YES;
				INFOPLIST_FILE = MyAccountBalance/Info.plist;
				INFOPLIST_KEY_UIApplicationSupportsIndirectInputEvents = YES;
				INFOPLIST_KEY_UILaunchStoryboardName = LaunchScreen;
				INFOPLIST_KEY_UIMainStoryboardFile = "";
				INFOPLIST_KEY_UISupportedInterfaceOrientations = UIInterfaceOrientationPortrait;
				LD_RUNPATH_SEARCH_PATHS = (
					"$(inherited)",
					"@executable_path/Frameworks",
				);
				MARKETING_VERSION = 1.0;
				PRODUCT_BUNDLE_IDENTIFIER = com.xander.MyAccountBalance;
				PRODUCT_NAME = "$(TARGET_NAME)";
				SWIFT_EMIT_LOC_STRINGS = YES;
				SWIFT_VERSION = 5.0;
				TARGETED_DEVICE_FAMILY = "1,2";
			};
			name = Debug;
		};
		C0DD82CB29A5242D000117B3 /* Release */ = {
			isa = XCBuildConfiguration;
			buildSettings = {
				ASSETCATALOG_COMPILER_APPICON_NAME = AppIcon;
				ASSETCATALOG_COMPILER_GLOBAL_ACCENT_COLOR_NAME = AccentColor;
				CODE_SIGN_STYLE = Automatic;
				CURRENT_PROJECT_VERSION = 1;
				DEVELOPMENT_TEAM = NCGTM97MB7;
				GENERATE_INFOPLIST_FILE = YES;
				INFOPLIST_FILE = MyAccountBalance/Info.plist;
				INFOPLIST_KEY_UIApplicationSupportsIndirectInputEvents = YES;
				INFOPLIST_KEY_UILaunchStoryboardName = LaunchScreen;
				INFOPLIST_KEY_UIMainStoryboardFile = "";
				INFOPLIST_KEY_UISupportedInterfaceOrientations = UIInterfaceOrientationPortrait;
				LD_RUNPATH_SEARCH_PATHS = (
					"$(inherited)",
					"@executable_path/Frameworks",
				);
				MARKETING_VERSION = 1.0;
				PRODUCT_BUNDLE_IDENTIFIER = com.xander.MyAccountBalance;
				PRODUCT_NAME = "$(TARGET_NAME)";
				SWIFT_EMIT_LOC_STRINGS = YES;
				SWIFT_VERSION = 5.0;
				TARGETED_DEVICE_FAMILY = "1,2";
			};
			name = Release;
		};
/* End XCBuildConfiguration section */

/* Begin XCConfigurationList section */
		C0DD82B029A5242C000117B3 /* Build configuration list for PBXProject "MyAccountBalance" */ = {
			isa = XCConfigurationList;
			buildConfigurations = (
				C0DD82C729A5242D000117B3 /* Debug */,
				C0DD82C829A5242D000117B3 /* Release */,
			);
			defaultConfigurationIsVisible = 0;
			defaultConfigurationName = Release;
		};
		C0DD82C929A5242D000117B3 /* Build configuration list for PBXNativeTarget "MyAccountBalance" */ = {
			isa = XCConfigurationList;
			buildConfigurations = (
				C0DD82CA29A5242D000117B3 /* Debug */,
				C0DD82CB29A5242D000117B3 /* Release */,
			);
			defaultConfigurationIsVisible = 0;
			defaultConfigurationName = Release;
		};
/* End XCConfigurationList section */

/* Begin XCVersionGroup section */
		C0DD835F29A5B3D8000117B3 /* MyAccountBalance.xcdatamodeld */ = {
			isa = XCVersionGroup;
			children = (
				C0DD836029A5B3D8000117B3 /* MyAccountBalance.xcdatamodel */,
			);
			currentVersion = C0DD836029A5B3D8000117B3 /* MyAccountBalance.xcdatamodel */;
			path = MyAccountBalance.xcdatamodeld;
			sourceTree = "<group>";
			versionGroupType = wrapper.xcdatamodel;
		};
/* End XCVersionGroup section */
	};
	rootObject = C0DD82AD29A5242C000117B3 /* Project object */;
}
